
Microsoft Visual Studio Solution File, Format Version 12.00
# Visual Studio Version 16
VisualStudioVersion = 16.0.31729.503
MinimumVisualStudioVersion = 10.0.40219.1
Project("{2150E333-8FDC-42A3-9474-1A3956D46DE8}") = "Application", "Application", "{2BA65727-596A-4209-9566-6170D4A2ED4E}"
EndProject
Project("{2150E333-8FDC-42A3-9474-1A3956D46DE8}") = "Api", "Api", "{D46F8765-1C4F-4570-B551-CE81B0915AE1}"
EndProject
Project("{9A19103F-16F7-4668-BE54-9A1E7A4F7556}") = "Application", "Application\Application.csproj", "{463E0574-607B-4C22-85DC-C46C4B4F4428}"
EndProject
Project("{2150E333-8FDC-42A3-9474-1A3956D46DE8}") = "Framework", "Framework", "{0FC4F256-DCC6-4D49-BEF4-BA53E37DE087}"
EndProject
Project("{2150E333-8FDC-42A3-9474-1A3956D46DE8}") = "Rez", "Rez", "{7534B79C-0D3A-4789-B54A-73E9D84416FE}"
EndProject
Project("{9A19103F-16F7-4668-BE54-9A1E7A4F7556}") = "Rez", "Rez\Rez.csproj", "{BA8168CA-9EAA-4972-A187-5619C94707FA}"
EndProject
Project("{2150E333-8FDC-42A3-9474-1A3956D46DE8}") = "Autofac", "Autofac", "{C257D373-05EE-44C6-9FDA-28379B6BA6F0}"
EndProject
Project("{2150E333-8FDC-42A3-9474-1A3956D46DE8}") = "Core", "Core", "{42BF703E-0D34-414F-A284-F42723BFF4DD}"
EndProject
Project("{9A19103F-16F7-4668-BE54-9A1E7A4F7556}") = "Application.Contract", "Application.Contract\Application.Contract.csproj", "{5F1635B2-5202-4C96-BF2D-6117244977D9}"
EndProject
Project("{9A19103F-16F7-4668-BE54-9A1E7A4F7556}") = "Core", "Core\Core.csproj", "{46B88DF0-7C81-45DF-A3B6-9E3866E7A30F}"
EndProject
Project("{9A19103F-16F7-4668-BE54-9A1E7A4F7556}") = "Autofac.Framework", "Autofac.Framework\Autofac.Framework.csproj", "{5FDB9AA0-E7BC-46EF-B5A6-574D6064A665}"
EndProject
Project("{9A19103F-16F7-4668-BE54-9A1E7A4F7556}") = "RestApi", "RestApi\RestApi.csproj", "{24EA218A-93AB-4C89-B939-4C12751F97C1}"
EndProject
Project("{9A19103F-16F7-4668-BE54-9A1E7A4F7556}") = "Server", "HostService\Server.csproj", "{2317C8C3-77EC-4338-8794-CA74CD2803F8}"
EndProject
Project("{2150E333-8FDC-42A3-9474-1A3956D46DE8}") = "RestApi", "RestApi", "{7CB4B469-1D03-4498-9A75-7DA7F7129292}"
EndProject
Global
	GlobalSection(SolutionConfigurationPlatforms) = preSolution
		Debug|Any CPU = Debug|Any CPU
		Release|Any CPU = Release|Any CPU
	EndGlobalSection
	GlobalSection(ProjectConfigurationPlatforms) = postSolution
		{463E0574-607B-4C22-85DC-C46C4B4F4428}.Debug|Any CPU.ActiveCfg = Debug|Any CPU
		{463E0574-607B-4C22-85DC-C46C4B4F4428}.Debug|Any CPU.Build.0 = Debug|Any CPU
		{463E0574-607B-4C22-85DC-C46C4B4F4428}.Release|Any CPU.ActiveCfg = Release|Any CPU
		{463E0574-607B-4C22-85DC-C46C4B4F4428}.Release|Any CPU.Build.0 = Release|Any CPU
		{BA8168CA-9EAA-4972-A187-5619C94707FA}.Debug|Any CPU.ActiveCfg = Debug|Any CPU
		{BA8168CA-9EAA-4972-A187-5619C94707FA}.Debug|Any CPU.Build.0 = Debug|Any CPU
		{BA8168CA-9EAA-4972-A187-5619C94707FA}.Release|Any CPU.ActiveCfg = Release|Any CPU
		{BA8168CA-9EAA-4972-A187-5619C94707FA}.Release|Any CPU.Build.0 = Release|Any CPU
		{5F1635B2-5202-4C96-BF2D-6117244977D9}.Debug|Any CPU.ActiveCfg = Debug|Any CPU
		{5F1635B2-5202-4C96-BF2D-6117244977D9}.Debug|Any CPU.Build.0 = Debug|Any CPU
		{5F1635B2-5202-4C96-BF2D-6117244977D9}.Release|Any CPU.ActiveCfg = Release|Any CPU
		{5F1635B2-5202-4C96-BF2D-6117244977D9}.Release|Any CPU.Build.0 = Release|Any CPU
		{46B88DF0-7C81-45DF-A3B6-9E3866E7A30F}.Debug|Any CPU.ActiveCfg = Debug|Any CPU
		{46B88DF0-7C81-45DF-A3B6-9E3866E7A30F}.Debug|Any CPU.Build.0 = Debug|Any CPU
		{46B88DF0-7C81-45DF-A3B6-9E3866E7A30F}.Release|Any CPU.ActiveCfg = Release|Any CPU
		{46B88DF0-7C81-45DF-A3B6-9E3866E7A30F}.Release|Any CPU.Build.0 = Release|Any CPU
		{5FDB9AA0-E7BC-46EF-B5A6-574D6064A665}.Debug|Any CPU.ActiveCfg = Debug|Any CPU
		{5FDB9AA0-E7BC-46EF-B5A6-574D6064A665}.Debug|Any CPU.Build.0 = Debug|Any CPU
		{5FDB9AA0-E7BC-46EF-B5A6-574D6064A665}.Release|Any CPU.ActiveCfg = Release|Any CPU
		{5FDB9AA0-E7BC-46EF-B5A6-574D6064A665}.Release|Any CPU.Build.0 = Release|Any CPU
		{24EA218A-93AB-4C89-B939-4C12751F97C1}.Debug|Any CPU.ActiveCfg = Debug|Any CPU
		{24EA218A-93AB-4C89-B939-4C12751F97C1}.Debug|Any CPU.Build.0 = Debug|Any CPU
		{24EA218A-93AB-4C89-B939-4C12751F97C1}.Release|Any CPU.ActiveCfg = Release|Any CPU
		{24EA218A-93AB-4C89-B939-4C12751F97C1}.Release|Any CPU.Build.0 = Release|Any CPU
		{2317C8C3-77EC-4338-8794-CA74CD2803F8}.Debug|Any CPU.ActiveCfg = Debug|Any CPU
		{2317C8C3-77EC-4338-8794-CA74CD2803F8}.Debug|Any CPU.Build.0 = Debug|Any CPU
		{2317C8C3-77EC-4338-8794-CA74CD2803F8}.Release|Any CPU.ActiveCfg = Release|Any CPU
		{2317C8C3-77EC-4338-8794-CA74CD2803F8}.Release|Any CPU.Build.0 = Release|Any CPU
	EndGlobalSection
	GlobalSection(SolutionProperties) = preSolution
		HideSolutionNode = FALSE
	EndGlobalSection
	GlobalSection(NestedProjects) = preSolution
		{463E0574-607B-4C22-85DC-C46C4B4F4428} = {2BA65727-596A-4209-9566-6170D4A2ED4E}
		{7534B79C-0D3A-4789-B54A-73E9D84416FE} = {0FC4F256-DCC6-4D49-BEF4-BA53E37DE087}
		{BA8168CA-9EAA-4972-A187-5619C94707FA} = {7534B79C-0D3A-4789-B54A-73E9D84416FE}
		{C257D373-05EE-44C6-9FDA-28379B6BA6F0} = {0FC4F256-DCC6-4D49-BEF4-BA53E37DE087}
		{5F1635B2-5202-4C96-BF2D-6117244977D9} = {2BA65727-596A-4209-9566-6170D4A2ED4E}
		{46B88DF0-7C81-45DF-A3B6-9E3866E7A30F} = {42BF703E-0D34-414F-A284-F42723BFF4DD}
		{5FDB9AA0-E7BC-46EF-B5A6-574D6064A665} = {C257D373-05EE-44C6-9FDA-28379B6BA6F0}
		{24EA218A-93AB-4C89-B939-4C12751F97C1} = {7CB4B469-1D03-4498-9A75-7DA7F7129292}
		{2317C8C3-77EC-4338-8794-CA74CD2803F8} = {D46F8765-1C4F-4570-B551-CE81B0915AE1}
		{7CB4B469-1D03-4498-9A75-7DA7F7129292} = {D46F8765-1C4F-4570-B551-CE81B0915AE1}
	EndGlobalSection
	GlobalSection(ExtensibilityGlobals) = postSolution
		SolutionGuid = {DE4ED0AB-83E4-45A7-9256-22988F236B03}
	EndGlobalSection
EndGlobal
